
Microsoft Visual Studio Solution File, Format Version 12.00
# Visual Studio Version 17
VisualStudioVersion = 17.9.34701.34
MinimumVisualStudioVersion = 10.0.40219.1
Project("{FAE04EC0-301F-11D3-BF4B-00C04F79EFBC}") = "CustomerfeedbackApi", "CustomerfeedbackApi\CustomerfeedbackApi.csproj", "{8A6391BC-82E4-4D0A-B69D-34CE6C0CC75C}"
EndProject
Global
	GlobalSection(SolutionConfigurationPlatforms) = preSolution
		Debug|Any CPU = Debug|Any CPU
		Release|Any CPU = Release|Any CPU
	EndGlobalSection
	GlobalSection(ProjectConfigurationPlatforms) = postSolution
		{8A6391BC-82E4-4D0A-B69D-34CE6C0CC75C}.Debug|Any CPU.ActiveCfg = Debug|Any CPU
		{8A6391BC-82E4-4D0A-B69D-34CE6C0CC75C}.Debug|Any CPU.Build.0 = Debug|Any CPU
		{8A6391BC-82E4-4D0A-B69D-34CE6C0CC75C}.Release|Any CPU.ActiveCfg = Release|Any CPU
		{8A6391BC-82E4-4D0A-B69D-34CE6C0CC75C}.Release|Any CPU.Build.0 = Release|Any CPU
	EndGlobalSection
	GlobalSection(SolutionProperties) = preSolution
		HideSolutionNode = FALSE
	EndGlobalSection
	GlobalSection(ExtensibilityGlobals) = postSolution
		SolutionGuid = {C8FF41BB-AFE6-447A-B283-903555142B47}
	EndGlobalSection
EndGlobal
